
Microsoft Visual Studio Solution File, Format Version 12.00
# Visual Studio Version 16
VisualStudioVersion = 16.0.31313.79
MinimumVisualStudioVersion = 10.0.40219.1
Project("{FAE04EC0-301F-11D3-BF4B-00C04F79EFBC}") = "LeetCode", "LeetCode.csproj", "{FF6EE7D9-CE6A-439A-9860-8B5835242641}"
EndProject
Global
	GlobalSection(SolutionConfigurationPlatforms) = preSolution
		Debug|Any CPU = Debug|Any CPU
		Release|Any CPU = Release|Any CPU
	EndGlobalSection
	GlobalSection(ProjectConfigurationPlatforms) = postSolution
		{FF6EE7D9-CE6A-439A-9860-8B5835242641}.Debug|Any CPU.ActiveCfg = Debug|Any CPU
		{FF6EE7D9-CE6A-439A-9860-8B5835242641}.Debug|Any CPU.Build.0 = Debug|Any CPU
		{FF6EE7D9-CE6A-439A-9860-8B5835242641}.Release|Any CPU.ActiveCfg = Release|Any CPU
		{FF6EE7D9-CE6A-439A-9860-8B5835242641}.Release|Any CPU.Build.0 = Release|Any CPU
	EndGlobalSection
	GlobalSection(SolutionProperties) = preSolution
		HideSolutionNode = FALSE
	EndGlobalSection
	GlobalSection(ExtensibilityGlobals) = postSolution
		SolutionGuid = {A9F48656-C986-419C-8373-34986D67F6E4}
	EndGlobalSection
EndGlobal
